
Microsoft Visual Studio Solution File, Format Version 12.00
# Visual Studio Version 16
VisualStudioVersion = 16.0.30907.101
MinimumVisualStudioVersion = 10.0.40219.1
Project("{FAE04EC0-301F-11D3-BF4B-00C04F79EFBC}") = "MyChat.Web", "MyChat.Web\MyChat.Web.csproj", "{406DDB00-22D4-45AC-AA12-53B72138EFA7}"
EndProject
Global
	GlobalSection(SolutionConfigurationPlatforms) = preSolution
		Debug|Any CPU = Debug|Any CPU
		Release|Any CPU = Release|Any CPU
	EndGlobalSection
	GlobalSection(ProjectConfigurationPlatforms) = postSolution
		{406DDB00-22D4-45AC-AA12-53B72138EFA7}.Debug|Any CPU.ActiveCfg = Debug|Any CPU
		{406DDB00-22D4-45AC-AA12-53B72138EFA7}.Debug|Any CPU.Build.0 = Debug|Any CPU
		{406DDB00-22D4-45AC-AA12-53B72138EFA7}.Release|Any CPU.ActiveCfg = Release|Any CPU
		{406DDB00-22D4-45AC-AA12-53B72138EFA7}.Release|Any CPU.Build.0 = Release|Any CPU
	EndGlobalSection
	GlobalSection(SolutionProperties) = preSolution
		HideSolutionNode = FALSE
	EndGlobalSection
	GlobalSection(ExtensibilityGlobals) = postSolution
		SolutionGuid = {B866B9C2-9824-4D88-B102-5B915E9AC068}
	EndGlobalSection
EndGlobal
