
Microsoft Visual Studio Solution File, Format Version 12.00
# Visual Studio Version 16
VisualStudioVersion = 16.0.30907.101
MinimumVisualStudioVersion = 10.0.40219.1
Project("{9A19103F-16F7-4668-BE54-9A1E7A4F7556}") = "MyChat.Web", "MyChat.Web\MyChat.Web.csproj", "{406DDB00-22D4-45AC-AA12-53B72138EFA7}"
EndProject
Project("{2150E333-8FDC-42A3-9474-1A3956D46DE8}") = "Application", "Application", "{5C0FF76C-7354-40E8-8ADD-37DADE9783C7}"
EndProject
Project("{2150E333-8FDC-42A3-9474-1A3956D46DE8}") = "Domain", "Domain", "{79C6AA5F-7F4B-4AC7-9CE8-38CDF008B1C9}"
EndProject
Project("{2150E333-8FDC-42A3-9474-1A3956D46DE8}") = "Infra", "Infra", "{7D77AB81-800A-49C1-AE0B-9A339B8FBD75}"
EndProject
Project("{9A19103F-16F7-4668-BE54-9A1E7A4F7556}") = "MyChat.Application.Service", "MyChat.Application.Service\MyChat.Application.Service.csproj", "{23BD0719-4662-47C0-A88B-0BC58F158AAD}"
EndProject
Project("{9A19103F-16F7-4668-BE54-9A1E7A4F7556}") = "MyChat.Application.Dto", "MyChat.Application.Dto\MyChat.Application.Dto.csproj", "{A66FDB55-88E1-4B2C-953A-2D9020F4A611}"
EndProject
Project("{9A19103F-16F7-4668-BE54-9A1E7A4F7556}") = "MyChat.Domain", "MyChat.Domain\MyChat.Domain.csproj", "{917D5A42-2F7C-40EE-AB21-952D307B74A7}"
EndProject
Project("{9A19103F-16F7-4668-BE54-9A1E7A4F7556}") = "MyChat.Infra.IoC", "MyChat.Infra.IoC\MyChat.Infra.IoC.csproj", "{8CC00C35-0B1D-40FE-903B-FEB0E20C7B64}"
EndProject
Project("{9A19103F-16F7-4668-BE54-9A1E7A4F7556}") = "MyChat.Infra.Crosscutting", "MyChat.Infra.Crosscutting\MyChat.Infra.Crosscutting.csproj", "{33E7C9F3-D0B3-4BCF-B543-36716AFE2ED1}"
EndProject
Project("{9A19103F-16F7-4668-BE54-9A1E7A4F7556}") = "MyChat.Infra.Data", "MyChat.Infra.Data\MyChat.Infra.Data.csproj", "{86795BA9-804F-4B94-8D05-08D66F137F44}"
EndProject
Project("{FAE04EC0-301F-11D3-BF4B-00C04F79EFBC}") = "MyChat.Test", "MyChat.Test\MyChat.Test.csproj", "{D67E129A-4DE1-45B8-A8B1-6959B077F788}"
EndProject
Global
	GlobalSection(SolutionConfigurationPlatforms) = preSolution
		Debug|Any CPU = Debug|Any CPU
		Release|Any CPU = Release|Any CPU
	EndGlobalSection
	GlobalSection(ProjectConfigurationPlatforms) = postSolution
		{406DDB00-22D4-45AC-AA12-53B72138EFA7}.Debug|Any CPU.ActiveCfg = Debug|Any CPU
		{406DDB00-22D4-45AC-AA12-53B72138EFA7}.Debug|Any CPU.Build.0 = Debug|Any CPU
		{406DDB00-22D4-45AC-AA12-53B72138EFA7}.Release|Any CPU.ActiveCfg = Release|Any CPU
		{406DDB00-22D4-45AC-AA12-53B72138EFA7}.Release|Any CPU.Build.0 = Release|Any CPU
		{23BD0719-4662-47C0-A88B-0BC58F158AAD}.Debug|Any CPU.ActiveCfg = Debug|Any CPU
		{23BD0719-4662-47C0-A88B-0BC58F158AAD}.Debug|Any CPU.Build.0 = Debug|Any CPU
		{23BD0719-4662-47C0-A88B-0BC58F158AAD}.Release|Any CPU.ActiveCfg = Release|Any CPU
		{23BD0719-4662-47C0-A88B-0BC58F158AAD}.Release|Any CPU.Build.0 = Release|Any CPU
		{A66FDB55-88E1-4B2C-953A-2D9020F4A611}.Debug|Any CPU.ActiveCfg = Debug|Any CPU
		{A66FDB55-88E1-4B2C-953A-2D9020F4A611}.Debug|Any CPU.Build.0 = Debug|Any CPU
		{A66FDB55-88E1-4B2C-953A-2D9020F4A611}.Release|Any CPU.ActiveCfg = Release|Any CPU
		{A66FDB55-88E1-4B2C-953A-2D9020F4A611}.Release|Any CPU.Build.0 = Release|Any CPU
		{917D5A42-2F7C-40EE-AB21-952D307B74A7}.Debug|Any CPU.ActiveCfg = Debug|Any CPU
		{917D5A42-2F7C-40EE-AB21-952D307B74A7}.Debug|Any CPU.Build.0 = Debug|Any CPU
		{917D5A42-2F7C-40EE-AB21-952D307B74A7}.Release|Any CPU.ActiveCfg = Release|Any CPU
		{917D5A42-2F7C-40EE-AB21-952D307B74A7}.Release|Any CPU.Build.0 = Release|Any CPU
		{8CC00C35-0B1D-40FE-903B-FEB0E20C7B64}.Debug|Any CPU.ActiveCfg = Debug|Any CPU
		{8CC00C35-0B1D-40FE-903B-FEB0E20C7B64}.Debug|Any CPU.Build.0 = Debug|Any CPU
		{8CC00C35-0B1D-40FE-903B-FEB0E20C7B64}.Release|Any CPU.ActiveCfg = Release|Any CPU
		{8CC00C35-0B1D-40FE-903B-FEB0E20C7B64}.Release|Any CPU.Build.0 = Release|Any CPU
		{33E7C9F3-D0B3-4BCF-B543-36716AFE2ED1}.Debug|Any CPU.ActiveCfg = Debug|Any CPU
		{33E7C9F3-D0B3-4BCF-B543-36716AFE2ED1}.Debug|Any CPU.Build.0 = Debug|Any CPU
		{33E7C9F3-D0B3-4BCF-B543-36716AFE2ED1}.Release|Any CPU.ActiveCfg = Release|Any CPU
		{33E7C9F3-D0B3-4BCF-B543-36716AFE2ED1}.Release|Any CPU.Build.0 = Release|Any CPU
		{86795BA9-804F-4B94-8D05-08D66F137F44}.Debug|Any CPU.ActiveCfg = Debug|Any CPU
		{86795BA9-804F-4B94-8D05-08D66F137F44}.Debug|Any CPU.Build.0 = Debug|Any CPU
		{86795BA9-804F-4B94-8D05-08D66F137F44}.Release|Any CPU.ActiveCfg = Release|Any CPU
		{86795BA9-804F-4B94-8D05-08D66F137F44}.Release|Any CPU.Build.0 = Release|Any CPU
		{D67E129A-4DE1-45B8-A8B1-6959B077F788}.Debug|Any CPU.ActiveCfg = Debug|Any CPU
		{D67E129A-4DE1-45B8-A8B1-6959B077F788}.Debug|Any CPU.Build.0 = Debug|Any CPU
		{D67E129A-4DE1-45B8-A8B1-6959B077F788}.Release|Any CPU.ActiveCfg = Release|Any CPU
		{D67E129A-4DE1-45B8-A8B1-6959B077F788}.Release|Any CPU.Build.0 = Release|Any CPU
	EndGlobalSection
	GlobalSection(SolutionProperties) = preSolution
		HideSolutionNode = FALSE
	EndGlobalSection
	GlobalSection(NestedProjects) = preSolution
		{23BD0719-4662-47C0-A88B-0BC58F158AAD} = {5C0FF76C-7354-40E8-8ADD-37DADE9783C7}
		{A66FDB55-88E1-4B2C-953A-2D9020F4A611} = {5C0FF76C-7354-40E8-8ADD-37DADE9783C7}
		{917D5A42-2F7C-40EE-AB21-952D307B74A7} = {79C6AA5F-7F4B-4AC7-9CE8-38CDF008B1C9}
		{8CC00C35-0B1D-40FE-903B-FEB0E20C7B64} = {7D77AB81-800A-49C1-AE0B-9A339B8FBD75}
		{33E7C9F3-D0B3-4BCF-B543-36716AFE2ED1} = {7D77AB81-800A-49C1-AE0B-9A339B8FBD75}
		{86795BA9-804F-4B94-8D05-08D66F137F44} = {7D77AB81-800A-49C1-AE0B-9A339B8FBD75}
	EndGlobalSection
	GlobalSection(ExtensibilityGlobals) = postSolution
		SolutionGuid = {B866B9C2-9824-4D88-B102-5B915E9AC068}
	EndGlobalSection
EndGlobal
